
Microsoft Visual Studio Solution File, Format Version 12.00
# Visual Studio Version 16
VisualStudioVersion = 16.0.30907.101
MinimumVisualStudioVersion = 10.0.40219.1
Project("{FAE04EC0-301F-11D3-BF4B-00C04F79EFBC}") = "TunasSecurityProgramWindowsApplication", "TunasSecurityProgramWindowsApplication\TunasSecurityProgramWindowsApplication.csproj", "{9F7AB65A-773C-44D3-8BE1-6ECF3779FE25}"
EndProject
Global
	GlobalSection(SolutionConfigurationPlatforms) = preSolution
		Debug|Any CPU = Debug|Any CPU
		Release|Any CPU = Release|Any CPU
	EndGlobalSection
	GlobalSection(ProjectConfigurationPlatforms) = postSolution
		{9F7AB65A-773C-44D3-8BE1-6ECF3779FE25}.Debug|Any CPU.ActiveCfg = Debug|Any CPU
		{9F7AB65A-773C-44D3-8BE1-6ECF3779FE25}.Debug|Any CPU.Build.0 = Debug|Any CPU
		{9F7AB65A-773C-44D3-8BE1-6ECF3779FE25}.Release|Any CPU.ActiveCfg = Release|Any CPU
		{9F7AB65A-773C-44D3-8BE1-6ECF3779FE25}.Release|Any CPU.Build.0 = Release|Any CPU
	EndGlobalSection
	GlobalSection(SolutionProperties) = preSolution
		HideSolutionNode = FALSE
	EndGlobalSection
	GlobalSection(ExtensibilityGlobals) = postSolution
		SolutionGuid = {A61703C2-A72D-438F-A209-2CE1DBE6F1AB}
	EndGlobalSection
EndGlobal
